// !$*UTF8*$!
{
	archiveVersion = 1;
	classes = {
	};
	objectVersion = 55;
	objects = {

/* Begin PBXBuildFile section */
		A0551E0A284E1E7B0026FFE0 /* AppDelegate.swift in Sources */ = {isa = PBXBuildFile; fileRef = A0551E09284E1E7B0026FFE0 /* AppDelegate.swift */; };
		A0551E0C284E1E7B0026FFE0 /* SceneDelegate.swift in Sources */ = {isa = PBXBuildFile; fileRef = A0551E0B284E1E7B0026FFE0 /* SceneDelegate.swift */; };
		A0551E11284E1E7B0026FFE0 /* Main.storyboard in Resources */ = {isa = PBXBuildFile; fileRef = A0551E0F284E1E7B0026FFE0 /* Main.storyboard */; };
		A0551E13284E1E7C0026FFE0 /* Assets.xcassets in Resources */ = {isa = PBXBuildFile; fileRef = A0551E12284E1E7C0026FFE0 /* Assets.xcassets */; };
		A0551E16284E1E7C0026FFE0 /* LaunchScreen.storyboard in Resources */ = {isa = PBXBuildFile; fileRef = A0551E14284E1E7C0026FFE0 /* LaunchScreen.storyboard */; };
		A0551E1E284E21120026FFE0 /* ListTableViewController.swift in Sources */ = {isa = PBXBuildFile; fileRef = A0551E1D284E21120026FFE0 /* ListTableViewController.swift */; };
		A0551E24284E3C5A0026FFE0 /* Constant.swift in Sources */ = {isa = PBXBuildFile; fileRef = A0551E23284E3C5A0026FFE0 /* Constant.swift */; };
		A0551E26284E3D1F0026FFE0 /* NetworkWeatherManager.swift in Sources */ = {isa = PBXBuildFile; fileRef = A0551E25284E3D1F0026FFE0 /* NetworkWeatherManager.swift */; };
/* End PBXBuildFile section */

/* Begin PBXFileReference section */
		A0551E06284E1E7B0026FFE0 /* worldWeather.app */ = {isa = PBXFileReference; explicitFileType = wrapper.application; includeInIndex = 0; path = worldWeather.app; sourceTree = BUILT_PRODUCTS_DIR; };
		A0551E09284E1E7B0026FFE0 /* AppDelegate.swift */ = {isa = PBXFileReference; lastKnownFileType = sourcecode.swift; path = AppDelegate.swift; sourceTree = "<group>"; };
		A0551E0B284E1E7B0026FFE0 /* SceneDelegate.swift */ = {isa = PBXFileReference; lastKnownFileType = sourcecode.swift; path = SceneDelegate.swift; sourceTree = "<group>"; };
		A0551E10284E1E7B0026FFE0 /* Base */ = {isa = PBXFileReference; lastKnownFileType = file.storyboard; name = Base; path = Base.lproj/Main.storyboard; sourceTree = "<group>"; };
		A0551E12284E1E7C0026FFE0 /* Assets.xcassets */ = {isa = PBXFileReference; lastKnownFileType = folder.assetcatalog; path = Assets.xcassets; sourceTree = "<group>"; };
		A0551E15284E1E7C0026FFE0 /* Base */ = {isa = PBXFileReference; lastKnownFileType = file.storyboard; name = Base; path = Base.lproj/LaunchScreen.storyboard; sourceTree = "<group>"; };
		A0551E17284E1E7C0026FFE0 /* Info.plist */ = {isa = PBXFileReference; lastKnownFileType = text.plist.xml; path = Info.plist; sourceTree = "<group>"; };
		A0551E1D284E21120026FFE0 /* ListTableViewController.swift */ = {isa = PBXFileReference; lastKnownFileType = sourcecode.swift; path = ListTableViewController.swift; sourceTree = "<group>"; };
		A0551E23284E3C5A0026FFE0 /* Constant.swift */ = {isa = PBXFileReference; lastKnownFileType = sourcecode.swift; path = Constant.swift; sourceTree = "<group>"; };
		A0551E25284E3D1F0026FFE0 /* NetworkWeatherManager.swift */ = {isa = PBXFileReference; lastKnownFileType = sourcecode.swift; path = NetworkWeatherManager.swift; sourceTree = "<group>"; };
/* End PBXFileReference section */

/* Begin PBXFrameworksBuildPhase section */
		A0551E03284E1E7B0026FFE0 /* Frameworks */ = {
			isa = PBXFrameworksBuildPhase;
			buildActionMask = 2147483647;
			files = (
			);
			runOnlyForDeploymentPostprocessing = 0;
		};
/* End PBXFrameworksBuildPhase section */

/* Begin PBXGroup section */
		A0551DFD284E1E7B0026FFE0 = {
			isa = PBXGroup;
			children = (
				A0551E08284E1E7B0026FFE0 /* worldWeather */,
				A0551E07284E1E7B0026FFE0 /* Products */,
			);
			sourceTree = "<group>";
		};
		A0551E07284E1E7B0026FFE0 /* Products */ = {
			isa = PBXGroup;
			children = (
				A0551E06284E1E7B0026FFE0 /* worldWeather.app */,
			);
			name = Products;
			sourceTree = "<group>";
		};
		A0551E08284E1E7B0026FFE0 /* worldWeather */ = {
			isa = PBXGroup;
			children = (
				A0551E22284E3BF50026FFE0 /* Model */,
				A0551E20284E3A5E0026FFE0 /* View */,
				A0551E1F284E38C40026FFE0 /* Supporting files */,
			);
			path = worldWeather;
			sourceTree = "<group>";
		};
		A0551E1F284E38C40026FFE0 /* Supporting files */ = {
			isa = PBXGroup;
			children = (
				A0551E09284E1E7B0026FFE0 /* AppDelegate.swift */,
				A0551E0B284E1E7B0026FFE0 /* SceneDelegate.swift */,
				A0551E12284E1E7C0026FFE0 /* Assets.xcassets */,
				A0551E17284E1E7C0026FFE0 /* Info.plist */,
				A0551E23284E3C5A0026FFE0 /* Constant.swift */,
			);
			path = "Supporting files";
			sourceTree = "<group>";
		};
		A0551E20284E3A5E0026FFE0 /* View */ = {
			isa = PBXGroup;
			children = (
				A0551E0F284E1E7B0026FFE0 /* Main.storyboard */,
				A0551E1D284E21120026FFE0 /* ListTableViewController.swift */,
				A0551E14284E1E7C0026FFE0 /* LaunchScreen.storyboard */,
			);
			path = View;
			sourceTree = "<group>";
		};
		A0551E22284E3BF50026FFE0 /* Model */ = {
			isa = PBXGroup;
			children = (
				A0551E25284E3D1F0026FFE0 /* NetworkWeatherManager.swift */,
			);
			path = Model;
			sourceTree = "<group>";
		};
/* End PBXGroup section */

/* Begin PBXNativeTarget section */
		A0551E05284E1E7B0026FFE0 /* worldWeather */ = {
			isa = PBXNativeTarget;
			buildConfigurationList = A0551E1A284E1E7C0026FFE0 /* Build configuration list for PBXNativeTarget "worldWeather" */;
			buildPhases = (
				A0551E02284E1E7B0026FFE0 /* Sources */,
				A0551E03284E1E7B0026FFE0 /* Frameworks */,
				A0551E04284E1E7B0026FFE0 /* Resources */,
			);
			buildRules = (
			);
			dependencies = (
			);
			name = worldWeather;
			productName = worldWeather;
			productReference = A0551E06284E1E7B0026FFE0 /* worldWeather.app */;
			productType = "com.apple.product-type.application";
		};
/* End PBXNativeTarget section */

/* Begin PBXProject section */
		A0551DFE284E1E7B0026FFE0 /* Project object */ = {
			isa = PBXProject;
			attributes = {
				BuildIndependentTargetsInParallel = 1;
				LastSwiftUpdateCheck = 1320;
				LastUpgradeCheck = 1320;
				TargetAttributes = {
					A0551E05284E1E7B0026FFE0 = {
						CreatedOnToolsVersion = 13.2.1;
					};
				};
			};
			buildConfigurationList = A0551E01284E1E7B0026FFE0 /* Build configuration list for PBXProject "worldWeather" */;
			compatibilityVersion = "Xcode 13.0";
			developmentRegion = en;
			hasScannedForEncodings = 0;
			knownRegions = (
				en,
				Base,
			);
			mainGroup = A0551DFD284E1E7B0026FFE0;
			productRefGroup = A0551E07284E1E7B0026FFE0 /* Products */;
			projectDirPath = "";
			projectRoot = "";
			targets = (
				A0551E05284E1E7B0026FFE0 /* worldWeather */,
			);
		};
/* End PBXProject section */

/* Begin PBXResourcesBuildPhase section */
		A0551E04284E1E7B0026FFE0 /* Resources */ = {
			isa = PBXResourcesBuildPhase;
			buildActionMask = 2147483647;
			files = (
				A0551E16284E1E7C0026FFE0 /* LaunchScreen.storyboard in Resources */,
				A0551E13284E1E7C0026FFE0 /* Assets.xcassets in Resources */,
				A0551E11284E1E7B0026FFE0 /* Main.storyboard in Resources */,
			);
			runOnlyForDeploymentPostprocessing = 0;
		};
/* End PBXResourcesBuildPhase section */

/* Begin PBXSourcesBuildPhase section */
		A0551E02284E1E7B0026FFE0 /* Sources */ = {
			isa = PBXSourcesBuildPhase;
			buildActionMask = 2147483647;
			files = (
				A0551E1E284E21120026FFE0 /* ListTableViewController.swift in Sources */,
				A0551E0A284E1E7B0026FFE0 /* AppDelegate.swift in Sources */,
				A0551E26284E3D1F0026FFE0 /* NetworkWeatherManager.swift in Sources */,
				A0551E0C284E1E7B0026FFE0 /* SceneDelegate.swift in Sources */,
				A0551E24284E3C5A0026FFE0 /* Constant.swift in Sources */,
			);
			runOnlyForDeploymentPostprocessing = 0;
		};
/* End PBXSourcesBuildPhase section */

/* Begin PBXVariantGroup section */
		A0551E0F284E1E7B0026FFE0 /* Main.storyboard */ = {
			isa = PBXVariantGroup;
			children = (
				A0551E10284E1E7B0026FFE0 /* Base */,
			);
			name = Main.storyboard;
			sourceTree = "<group>";
		};
		A0551E14284E1E7C0026FFE0 /* LaunchScreen.storyboard */ = {
			isa = PBXVariantGroup;
			children = (
				A0551E15284E1E7C0026FFE0 /* Base */,
			);
			name = LaunchScreen.storyboard;
			sourceTree = "<group>";
		};
/* End PBXVariantGroup section */

/* Begin XCBuildConfiguration section */
		A0551E18284E1E7C0026FFE0 /* Debug */ = {
			isa = XCBuildConfiguration;
			buildSettings = {
				ALWAYS_SEARCH_USER_PATHS = NO;
				CLANG_ANALYZER_NONNULL = YES;
				CLANG_ANALYZER_NUMBER_OBJECT_CONVERSION = YES_AGGRESSIVE;
				CLANG_CXX_LANGUAGE_STANDARD = "gnu++17";
				CLANG_CXX_LIBRARY = "libc++";
				CLANG_ENABLE_MODULES = YES;
				CLANG_ENABLE_OBJC_ARC = YES;
				CLANG_ENABLE_OBJC_WEAK = YES;
				CLANG_WARN_BLOCK_CAPTURE_AUTORELEASING = YES;
				CLANG_WARN_BOOL_CONVERSION = YES;
				CLANG_WARN_COMMA = YES;
				CLANG_WARN_CONSTANT_CONVERSION = YES;
				CLANG_WARN_DEPRECATED_OBJC_IMPLEMENTATIONS = YES;
				CLANG_WARN_DIRECT_OBJC_ISA_USAGE = YES_ERROR;
				CLANG_WARN_DOCUMENTATION_COMMENTS = YES;
				CLANG_WARN_EMPTY_BODY = YES;
				CLANG_WARN_ENUM_CONVERSION = YES;
				CLANG_WARN_INFINITE_RECURSION = YES;
				CLANG_WARN_INT_CONVERSION = YES;
				CLANG_WARN_NON_LITERAL_NULL_CONVERSION = YES;
				CLANG_WARN_OBJC_IMPLICIT_RETAIN_SELF = YES;
				CLANG_WARN_OBJC_LITERAL_CONVERSION = YES;
				CLANG_WARN_OBJC_ROOT_CLASS = YES_ERROR;
				CLANG_WARN_QUOTED_INCLUDE_IN_FRAMEWORK_HEADER = YES;
				CLANG_WARN_RANGE_LOOP_ANALYSIS = YES;
				CLANG_WARN_STRICT_PROTOTYPES = YES;
				CLANG_WARN_SUSPICIOUS_MOVE = YES;
				CLANG_WARN_UNGUARDED_AVAILABILITY = YES_AGGRESSIVE;
				CLANG_WARN_UNREACHABLE_CODE = YES;
				CLANG_WARN__DUPLICATE_METHOD_MATCH = YES;
				COPY_PHASE_STRIP = NO;
				DEBUG_INFORMATION_FORMAT = dwarf;
				ENABLE_STRICT_OBJC_MSGSEND = YES;
				ENABLE_TESTABILITY = YES;
				GCC_C_LANGUAGE_STANDARD = gnu11;
				GCC_DYNAMIC_NO_PIC = NO;
				GCC_NO_COMMON_BLOCKS = YES;
				GCC_OPTIMIZATION_LEVEL = 0;
				GCC_PREPROCESSOR_DEFINITIONS = (
					"DEBUG=1",
					"$(inherited)",
				);
				GCC_WARN_64_TO_32_BIT_CONVERSION = YES;
				GCC_WARN_ABOUT_RETURN_TYPE = YES_ERROR;
				GCC_WARN_UNDECLARED_SELECTOR = YES;
				GCC_WARN_UNINITIALIZED_AUTOS = YES_AGGRESSIVE;
				GCC_WARN_UNUSED_FUNCTION = YES;
				GCC_WARN_UNUSED_VARIABLE = YES;
				IPHONEOS_DEPLOYMENT_TARGET = 15.2;
				MTL_ENABLE_DEBUG_INFO = INCLUDE_SOURCE;
				MTL_FAST_MATH = YES;
				ONLY_ACTIVE_ARCH = YES;
				SDKROOT = iphoneos;
				SWIFT_ACTIVE_COMPILATION_CONDITIONS = DEBUG;
				SWIFT_OPTIMIZATION_LEVEL = "-Onone";
			};
			name = Debug;
		};
		A0551E19284E1E7C0026FFE0 /* Release */ = {
			isa = XCBuildConfiguration;
			buildSettings = {
				ALWAYS_SEARCH_USER_PATHS = NO;
				CLANG_ANALYZER_NONNULL = YES;
				CLANG_ANALYZER_NUMBER_OBJECT_CONVERSION = YES_AGGRESSIVE;
				CLANG_CXX_LANGUAGE_STANDARD = "gnu++17";
				CLANG_CXX_LIBRARY = "libc++";
				CLANG_ENABLE_MODULES = YES;
				CLANG_ENABLE_OBJC_ARC = YES;
				CLANG_ENABLE_OBJC_WEAK = YES;
				CLANG_WARN_BLOCK_CAPTURE_AUTORELEASING = YES;
				CLANG_WARN_BOOL_CONVERSION = YES;
				CLANG_WARN_COMMA = YES;
				CLANG_WARN_CONSTANT_CONVERSION = YES;
				CLANG_WARN_DEPRECATED_OBJC_IMPLEMENTATIONS = YES;
				CLANG_WARN_DIRECT_OBJC_ISA_USAGE = YES_ERROR;
				CLANG_WARN_DOCUMENTATION_COMMENTS = YES;
				CLANG_WARN_EMPTY_BODY = YES;
				CLANG_WARN_ENUM_CONVERSION = YES;
				CLANG_WARN_INFINITE_RECURSION = YES;
				CLANG_WARN_INT_CONVERSION = YES;
				CLANG_WARN_NON_LITERAL_NULL_CONVERSION = YES;
				CLANG_WARN_OBJC_IMPLICIT_RETAIN_SELF = YES;
				CLANG_WARN_OBJC_LITERAL_CONVERSION = YES;
				CLANG_WARN_OBJC_ROOT_CLASS = YES_ERROR;
				CLANG_WARN_QUOTED_INCLUDE_IN_FRAMEWORK_HEADER = YES;
				CLANG_WARN_RANGE_LOOP_ANALYSIS = YES;
				CLANG_WARN_STRICT_PROTOTYPES = YES;
				CLANG_WARN_SUSPICIOUS_MOVE = YES;
				CLANG_WARN_UNGUARDED_AVAILABILITY = YES_AGGRESSIVE;
				CLANG_WARN_UNREACHABLE_CODE = YES;
				CLANG_WARN__DUPLICATE_METHOD_MATCH = YES;
				COPY_PHASE_STRIP = NO;
				DEBUG_INFORMATION_FORMAT = "dwarf-with-dsym";
				ENABLE_NS_ASSERTIONS = NO;
				ENABLE_STRICT_OBJC_MSGSEND = YES;
				GCC_C_LANGUAGE_STANDARD = gnu11;
				GCC_NO_COMMON_BLOCKS = YES;
				GCC_WARN_64_TO_32_BIT_CONVERSION = YES;
				GCC_WARN_ABOUT_RETURN_TYPE = YES_ERROR;
				GCC_WARN_UNDECLARED_SELECTOR = YES;
				GCC_WARN_UNINITIALIZED_AUTOS = YES_AGGRESSIVE;
				GCC_WARN_UNUSED_FUNCTION = YES;
				GCC_WARN_UNUSED_VARIABLE = YES;
				IPHONEOS_DEPLOYMENT_TARGET = 15.2;
				MTL_ENABLE_DEBUG_INFO = NO;
				MTL_FAST_MATH = YES;
				SDKROOT = iphoneos;
				SWIFT_COMPILATION_MODE = wholemodule;
				SWIFT_OPTIMIZATION_LEVEL = "-O";
				VALIDATE_PRODUCT = YES;
			};
			name = Release;
		};
		A0551E1B284E1E7C0026FFE0 /* Debug */ = {
			isa = XCBuildConfiguration;
			buildSettings = {
				ASSETCATALOG_COMPILER_APPICON_NAME = AppIcon;
				ASSETCATALOG_COMPILER_GLOBAL_ACCENT_COLOR_NAME = AccentColor;
				CODE_SIGN_STYLE = Automatic;
				CURRENT_PROJECT_VERSION = 1;
				DEVELOPMENT_TEAM = F978FGBWMJ;
				GENERATE_INFOPLIST_FILE = YES;
				INFOPLIST_FILE = "worldWeather/Supporting files/Info.plist";
				INFOPLIST_KEY_UIApplicationSupportsIndirectInputEvents = YES;
				INFOPLIST_KEY_UILaunchStoryboardName = LaunchScreen;
				INFOPLIST_KEY_UIMainStoryboardFile = Main;
				INFOPLIST_KEY_UISupportedInterfaceOrientations = UIInterfaceOrientationPortrait;
				INFOPLIST_KEY_UISupportedInterfaceOrientations_iPad = "UIInterfaceOrientationPortrait UIInterfaceOrientationPortraitUpsideDown UIInterfaceOrientationLandscapeLeft UIInterfaceOrientationLandscapeRight";
				INFOPLIST_KEY_UISupportedInterfaceOrientations_iPhone = "UIInterfaceOrientationPortrait UIInterfaceOrientationLandscapeLeft UIInterfaceOrientationLandscapeRight";
				LD_RUNPATH_SEARCH_PATHS = (
					"$(inherited)",
					"@executable_path/Frameworks",
				);
				MARKETING_VERSION = 1.0;
				PRODUCT_BUNDLE_IDENTIFIER = com.SergeyPavlov.worldWeather;
				PRODUCT_NAME = "$(TARGET_NAME)";
				SWIFT_EMIT_LOC_STRINGS = YES;
				SWIFT_VERSION = 5.0;
				TARGETED_DEVICE_FAMILY = 1;
			};
			name = Debug;
		};
		A0551E1C284E1E7C0026FFE0 /* Release */ = {
			isa = XCBuildConfiguration;
			buildSettings = {
				ASSETCATALOG_COMPILER_APPICON_NAME = AppIcon;
				ASSETCATALOG_COMPILER_GLOBAL_ACCENT_COLOR_NAME = AccentColor;
				CODE_SIGN_STYLE = Automatic;
				CURRENT_PROJECT_VERSION = 1;
				DEVELOPMENT_TEAM = F978FGBWMJ;
				GENERATE_INFOPLIST_FILE = YES;
				INFOPLIST_FILE = "worldWeather/Supporting files/Info.plist";
				INFOPLIST_KEY_UIApplicationSupportsIndirectInputEvents = YES;
				INFOPLIST_KEY_UILaunchStoryboardName = LaunchScreen;
				INFOPLIST_KEY_UIMainStoryboardFile = Main;
				INFOPLIST_KEY_UISupportedInterfaceOrientations = UIInterfaceOrientationPortrait;
				INFOPLIST_KEY_UISupportedInterfaceOrientations_iPad = "UIInterfaceOrientationPortrait UIInterfaceOrientationPortraitUpsideDown UIInterfaceOrientationLandscapeLeft UIInterfaceOrientationLandscapeRight";
				INFOPLIST_KEY_UISupportedInterfaceOrientations_iPhone = "UIInterfaceOrientationPortrait UIInterfaceOrientationLandscapeLeft UIInterfaceOrientationLandscapeRight";
				LD_RUNPATH_SEARCH_PATHS = (
					"$(inherited)",
					"@executable_path/Frameworks",
				);
				MARKETING_VERSION = 1.0;
				PRODUCT_BUNDLE_IDENTIFIER = com.SergeyPavlov.worldWeather;
				PRODUCT_NAME = "$(TARGET_NAME)";
				SWIFT_EMIT_LOC_STRINGS = YES;
				SWIFT_VERSION = 5.0;
				TARGETED_DEVICE_FAMILY = 1;
			};
			name = Release;
		};
/* End XCBuildConfiguration section */

/* Begin XCConfigurationList section */
		A0551E01284E1E7B0026FFE0 /* Build configuration list for PBXProject "worldWeather" */ = {
			isa = XCConfigurationList;
			buildConfigurations = (
				A0551E18284E1E7C0026FFE0 /* Debug */,
				A0551E19284E1E7C0026FFE0 /* Release */,
			);
			defaultConfigurationIsVisible = 0;
			defaultConfigurationName = Release;
		};
		A0551E1A284E1E7C0026FFE0 /* Build configuration list for PBXNativeTarget "worldWeather" */ = {
			isa = XCConfigurationList;
			buildConfigurations = (
				A0551E1B284E1E7C0026FFE0 /* Debug */,
				A0551E1C284E1E7C0026FFE0 /* Release */,
			);
			defaultConfigurationIsVisible = 0;
			defaultConfigurationName = Release;
		};
/* End XCConfigurationList section */
	};
	rootObject = A0551DFE284E1E7B0026FFE0 /* Project object */;
}
